
Microsoft Visual Studio Solution File, Format Version 12.00
# Visual Studio Version 17
VisualStudioVersion = 17.0.32014.148
MinimumVisualStudioVersion = 10.0.40219.1
Project("{FAE04EC0-301F-11D3-BF4B-00C04F79EFBC}") = "Projeto_PW", "Projeto_PW\Projeto_PW.csproj", "{D176F50A-3D7E-4265-84B7-3239433D4C95}"
EndProject
Global
	GlobalSection(SolutionConfigurationPlatforms) = preSolution
		Debug|Any CPU = Debug|Any CPU
		Release|Any CPU = Release|Any CPU
	EndGlobalSection
	GlobalSection(ProjectConfigurationPlatforms) = postSolution
		{D176F50A-3D7E-4265-84B7-3239433D4C95}.Debug|Any CPU.ActiveCfg = Debug|Any CPU
		{D176F50A-3D7E-4265-84B7-3239433D4C95}.Debug|Any CPU.Build.0 = Debug|Any CPU
		{D176F50A-3D7E-4265-84B7-3239433D4C95}.Release|Any CPU.ActiveCfg = Release|Any CPU
		{D176F50A-3D7E-4265-84B7-3239433D4C95}.Release|Any CPU.Build.0 = Release|Any CPU
	EndGlobalSection
	GlobalSection(SolutionProperties) = preSolution
		HideSolutionNode = FALSE
	EndGlobalSection
	GlobalSection(ExtensibilityGlobals) = postSolution
		SolutionGuid = {6ED0D433-E2A3-411D-B673-28FFACB08DF8}
	EndGlobalSection
EndGlobal
